[[package]]
name = "pytube"
version = "12.1.0"
description = "Python 3 library for downloading YouTube Videos."
category = "main"
optional = false
python-versions = ">=3.6"

[metadata]
lock-version = "1.1"
python-versions = "^3.8"
content-hash = "cca087b1120b4535a127e530e0e738d4437d230beec21717966387b752cd30a9"

[metadata.files]
pytube = []
